
Microsoft Visual Studio Solution File, Format Version 12.00
# Visual Studio Version 17
VisualStudioVersion = 17.14.36518.9 d17.14
MinimumVisualStudioVersion = 10.0.40219.1
Project("{FAE04EC0-301F-11D3-BF4B-00C04F79EFBC}") = "UniStay.Api", "UniStay.Api.csproj", "{C987B5CE-F1D1-BB16-6113-FC444FCDA305}"
EndProject
Global
	GlobalSection(SolutionConfigurationPlatforms) = preSolution
		Debug|Any CPU = Debug|Any CPU
		Release|Any CPU = Release|Any CPU
	EndGlobalSection
	GlobalSection(ProjectConfigurationPlatforms) = postSolution
		{C987B5CE-F1D1-BB16-6113-FC444FCDA305}.Debug|Any CPU.ActiveCfg = Debug|Any CPU
		{C987B5CE-F1D1-BB16-6113-FC444FCDA305}.Debug|Any CPU.Build.0 = Debug|Any CPU
		{C987B5CE-F1D1-BB16-6113-FC444FCDA305}.Release|Any CPU.ActiveCfg = Release|Any CPU
		{C987B5CE-F1D1-BB16-6113-FC444FCDA305}.Release|Any CPU.Build.0 = Release|Any CPU
	EndGlobalSection
	GlobalSection(SolutionProperties) = preSolution
		HideSolutionNode = FALSE
	EndGlobalSection
	GlobalSection(ExtensibilityGlobals) = postSolution
		SolutionGuid = {587FBB9C-4C08-4AC0-8A30-EB2CB20167D6}
	EndGlobalSection
EndGlobal
